{
	"name": "quick-know",
	"lockfileVersion": 3,
	"requires": true,
	"packages": {
		"": {
			"dependencies": {
				"cos-js-sdk-v5": "^1.8.6",
				"lodash": "^4.17.21"
			}
		},
		"node_modules/cos-js-sdk-v5": {
			"version": "1.8.6",
			"resolved": "http://registry.npm.baidu-int.com/cos-js-sdk-v5/-/cos-js-sdk-v5-1.8.6.tgz",
			"integrity": "sha512-FCygXb5cNQhlwmsGf5B5WnqFsx+cQiPW+I4SWjVg08IaSA+1Uu8VqpP+FI7+LIA9PoC3GpX6ehgV0olsfEnoHg==",
			"dependencies": {
				"fast-xml-parser": "^4.4.0"
			}
		},
		"node_modules/fast-xml-parser": {
			"version": "4.5.0",
			"resolved": "http://registry.npm.baidu-int.com/fast-xml-parser/-/fast-xml-parser-4.5.0.tgz",
			"integrity": "sha512-/PlTQCI96+fZMAOLMZK4CWG1ItCbfZ/0jx7UIJFChPNrx7tcEgerUgWbeieCM9MfHInUDyK8DWYZ+YrywDJuTg==",
			"funding": [
				{
					"type": "github",
					"url": "https://github.com/sponsors/NaturalIntelligence"
				},
				{
					"type": "paypal",
					"url": "https://paypal.me/naturalintelligence"
				}
			],
			"dependencies": {
				"strnum": "^1.0.5"
			},
			"bin": {
				"fxparser": "src/cli/cli.js"
			}
		},
		"node_modules/lodash": {
			"version": "4.17.21",
			"resolved": "https://registry.npmmirror.com/lodash/-/lodash-4.17.21.tgz",
			"integrity": "sha512-v2kDEe57lecTulaDIuNTPy3Ry4gLGJ6Z1O3vE1krgXZNrsQ+LFTGHVxVjcXPs17LhbZVGedAJv8XZ1tvj5FvSg==",
			"license": "MIT"
		},
		"node_modules/strnum": {
			"version": "1.0.5",
			"resolved": "http://registry.npm.baidu-int.com/strnum/-/strnum-1.0.5.tgz",
			"integrity": "sha512-J8bbNyKKXl5qYcR36TIO8W3mVGVHrmmxsd5PAItGkmyzwJvybiw2IVq5nqd0i4LSNSkB/sx9VHllbfFdr9k1JA==",
			"license": "MIT"
		}
	}
}
